// !$*UTF8*$!
{
	archiveVersion = 1;
	classes = {
	};
	objectVersion = 50;
	objects = {

/* Begin PBXBuildFile section */
		94DDDDB123166FE000E6D12E /* AppDelegate.swift in Sources */ = {isa = PBXBuildFile; fileRef = 94DDDDB023166FE000E6D12E /* AppDelegate.swift */; };
		94DDDDB323166FE000E6D12E /* ViewController.swift in Sources */ = {isa = PBXBuildFile; fileRef = 94DDDDB223166FE000E6D12E /* ViewController.swift */; };
		94DDDDB623166FE000E6D12E /* Main.storyboard in Resources */ = {isa = PBXBuildFile; fileRef = 94DDDDB423166FE000E6D12E /* Main.storyboard */; };
		94DDDDB823166FE100E6D12E /* Assets.xcassets in Resources */ = {isa = PBXBuildFile; fileRef = 94DDDDB723166FE100E6D12E /* Assets.xcassets */; };
		94DDDDBB23166FE100E6D12E /* LaunchScreen.storyboard in Resources */ = {isa = PBXBuildFile; fileRef = 94DDDDB923166FE100E6D12E /* LaunchScreen.storyboard */; };
/* End PBXBuildFile section */

/* Begin PBXFileReference section */
		94DDDDAD23166FE000E6D12E /* JWLogingModule.app */ = {isa = PBXFileReference; explicitFileType = wrapper.application; includeInIndex = 0; path = JWLogingModule.app; sourceTree = BUILT_PRODUCTS_DIR; };
		94DDDDB023166FE000E6D12E /* AppDelegate.swift */ = {isa = PBXFileReference; lastKnownFileType = sourcecode.swift; path = AppDelegate.swift; sourceTree = "<group>"; };
		94DDDDB223166FE000E6D12E /* ViewController.swift */ = {isa = PBXFileReference; lastKnownFileType = sourcecode.swift; path = ViewController.swift; sourceTree = "<group>"; };
		94DDDDB523166FE000E6D12E /* Base */ = {isa = PBXFileReference; lastKnownFileType = file.storyboard; name = Base; path = Base.lproj/Main.storyboard; sourceTree = "<group>"; };
		94DDDDB723166FE100E6D12E /* Assets.xcassets */ = {isa = PBXFileReference; lastKnownFileType = folder.assetcatalog; path = Assets.xcassets; sourceTree = "<group>"; };
		94DDDDBA23166FE100E6D12E /* Base */ = {isa = PBXFileReference; lastKnownFileType = file.storyboard; name = Base; path = Base.lproj/LaunchScreen.storyboard; sourceTree = "<group>"; };
		94DDDDBC23166FE100E6D12E /* Info.plist */ = {isa = PBXFileReference; lastKnownFileType = text.plist.xml; path = Info.plist; sourceTree = "<group>"; };
/* End PBXFileReference section */

/* Begin PBXFrameworksBuildPhase section */
		94DDDDAA23166FE000E6D12E /* Frameworks */ = {
			isa = PBXFrameworksBuildPhase;
			buildActionMask = 2147483647;
			files = (
			);
			runOnlyForDeploymentPostprocessing = 0;
		};
/* End PBXFrameworksBuildPhase section */

/* Begin PBXGroup section */
		94DDDDA423166FE000E6D12E = {
			isa = PBXGroup;
			children = (
				94DDDDAF23166FE000E6D12E /* JWLogingModule */,
				94DDDDAE23166FE000E6D12E /* Products */,
			);
			sourceTree = "<group>";
		};
		94DDDDAE23166FE000E6D12E /* Products */ = {
			isa = PBXGroup;
			children = (
				94DDDDAD23166FE000E6D12E /* JWLogingModule.app */,
			);
			name = Products;
			sourceTree = "<group>";
		};
		94DDDDAF23166FE000E6D12E /* JWLogingModule */ = {
			isa = PBXGroup;
			children = (
				94DDDDB023166FE000E6D12E /* AppDelegate.swift */,
				94DDDDB223166FE000E6D12E /* ViewController.swift */,
				94DDDDB423166FE000E6D12E /* Main.storyboard */,
				94DDDDB723166FE100E6D12E /* Assets.xcassets */,
				94DDDDB923166FE100E6D12E /* LaunchScreen.storyboard */,
				94DDDDBC23166FE100E6D12E /* Info.plist */,
			);
			path = JWLogingModule;
			sourceTree = "<group>";
		};
/* End PBXGroup section */

/* Begin PBXNativeTarget section */
		94DDDDAC23166FE000E6D12E /* JWLogingModule */ = {
			isa = PBXNativeTarget;
			buildConfigurationList = 94DDDDBF23166FE100E6D12E /* Build configuration list for PBXNativeTarget "JWLogingModule" */;
			buildPhases = (
				94DDDDA923166FE000E6D12E /* Sources */,
				94DDDDAA23166FE000E6D12E /* Frameworks */,
				94DDDDAB23166FE000E6D12E /* Resources */,
			);
			buildRules = (
			);
			dependencies = (
			);
			name = JWLogingModule;
			productName = JWLogingModule;
			productReference = 94DDDDAD23166FE000E6D12E /* JWLogingModule.app */;
			productType = "com.apple.product-type.application";
		};
/* End PBXNativeTarget section */

/* Begin PBXProject section */
		94DDDDA523166FE000E6D12E /* Project object */ = {
			isa = PBXProject;
			attributes = {
				LastSwiftUpdateCheck = 1020;
				LastUpgradeCheck = 1020;
				ORGANIZATIONNAME = "武世钰";
				TargetAttributes = {
					94DDDDAC23166FE000E6D12E = {
						CreatedOnToolsVersion = 10.2.1;
					};
				};
			};
			buildConfigurationList = 94DDDDA823166FE000E6D12E /* Build configuration list for PBXProject "JWLogingModule" */;
			compatibilityVersion = "Xcode 9.3";
			developmentRegion = en;
			hasScannedForEncodings = 0;
			knownRegions = (
				en,
				Base,
			);
			mainGroup = 94DDDDA423166FE000E6D12E;
			productRefGroup = 94DDDDAE23166FE000E6D12E /* Products */;
			projectDirPath = "";
			projectRoot = "";
			targets = (
				94DDDDAC23166FE000E6D12E /* JWLogingModule */,
			);
		};
/* End PBXProject section */

/* Begin PBXResourcesBuildPhase section */
		94DDDDAB23166FE000E6D12E /* Resources */ = {
			isa = PBXResourcesBuildPhase;
			buildActionMask = 2147483647;
			files = (
				94DDDDBB23166FE100E6D12E /* LaunchScreen.storyboard in Resources */,
				94DDDDB823166FE100E6D12E /* Assets.xcassets in Resources */,
				94DDDDB623166FE000E6D12E /* Main.storyboard in Resources */,
			);
			runOnlyForDeploymentPostprocessing = 0;
		};
/* End PBXResourcesBuildPhase section */

/* Begin PBXSourcesBuildPhase section */
		94DDDDA923166FE000E6D12E /* Sources */ = {
			isa = PBXSourcesBuildPhase;
			buildActionMask = 2147483647;
			files = (
				94DDDDB323166FE000E6D12E /* ViewController.swift in Sources */,
				94DDDDB123166FE000E6D12E /* AppDelegate.swift in Sources */,
			);
			runOnlyForDeploymentPostprocessing = 0;
		};
/* End PBXSourcesBuildPhase section */

/* Begin PBXVariantGroup section */
		94DDDDB423166FE000E6D12E /* Main.storyboard */ = {
			isa = PBXVariantGroup;
			children = (
				94DDDDB523166FE000E6D12E /* Base */,
			);
			name = Main.storyboard;
			sourceTree = "<group>";
		};
		94DDDDB923166FE100E6D12E /* LaunchScreen.storyboard */ = {
			isa = PBXVariantGroup;
			children = (
				94DDDDBA23166FE100E6D12E /* Base */,
			);
			name = LaunchScreen.storyboard;
			sourceTree = "<group>";
		};
/* End PBXVariantGroup section */

/* Begin XCBuildConfiguration section */
		94DDDDBD23166FE100E6D12E /* Debug */ = {
			isa = XCBuildConfiguration;
			buildSettings = {
				ALWAYS_SEARCH_USER_PATHS = NO;
				CLANG_ANALYZER_NONNULL = YES;
				CLANG_ANALYZER_NUMBER_OBJECT_CONVERSION = YES_AGGRESSIVE;
				CLANG_CXX_LANGUAGE_STANDARD = "gnu++14";
				CLANG_CXX_LIBRARY = "libc++";
				CLANG_ENABLE_MODULES = YES;
				CLANG_ENABLE_OBJC_ARC = YES;
				CLANG_ENABLE_OBJC_WEAK = YES;
				CLANG_WARN_BLOCK_CAPTURE_AUTORELEASING = YES;
				CLANG_WARN_BOOL_CONVERSION = YES;
				CLANG_WARN_COMMA = YES;
				CLANG_WARN_CONSTANT_CONVERSION = YES;
				CLANG_WARN_DEPRECATED_OBJC_IMPLEMENTATIONS = YES;
				CLANG_WARN_DIRECT_OBJC_ISA_USAGE = YES_ERROR;
				CLANG_WARN_DOCUMENTATION_COMMENTS = YES;
				CLANG_WARN_EMPTY_BODY = YES;
				CLANG_WARN_ENUM_CONVERSION = YES;
				CLANG_WARN_INFINITE_RECURSION = YES;
				CLANG_WARN_INT_CONVERSION = YES;
				CLANG_WARN_NON_LITERAL_NULL_CONVERSION = YES;
				CLANG_WARN_OBJC_IMPLICIT_RETAIN_SELF = YES;
				CLANG_WARN_OBJC_LITERAL_CONVERSION = YES;
				CLANG_WARN_OBJC_ROOT_CLASS = YES_ERROR;
				CLANG_WARN_RANGE_LOOP_ANALYSIS = YES;
				CLANG_WARN_STRICT_PROTOTYPES = YES;
				CLANG_WARN_SUSPICIOUS_MOVE = YES;
				CLANG_WARN_UNGUARDED_AVAILABILITY = YES_AGGRESSIVE;
				CLANG_WARN_UNREACHABLE_CODE = YES;
				CLANG_WARN__DUPLICATE_METHOD_MATCH = YES;
				CODE_SIGN_IDENTITY = "iPhone Developer";
				COPY_PHASE_STRIP = NO;
				DEBUG_INFORMATION_FORMAT = dwarf;
				ENABLE_STRICT_OBJC_MSGSEND = YES;
				ENABLE_TESTABILITY = YES;
				GCC_C_LANGUAGE_STANDARD = gnu11;
				GCC_DYNAMIC_NO_PIC = NO;
				GCC_NO_COMMON_BLOCKS = YES;
				GCC_OPTIMIZATION_LEVEL = 0;
				GCC_PREPROCESSOR_DEFINITIONS = (
					"DEBUG=1",
					"$(inherited)",
				);
				GCC_WARN_64_TO_32_BIT_CONVERSION = YES;
				GCC_WARN_ABOUT_RETURN_TYPE = YES_ERROR;
				GCC_WARN_UNDECLARED_SELECTOR = YES;
				GCC_WARN_UNINITIALIZED_AUTOS = YES_AGGRESSIVE;
				GCC_WARN_UNUSED_FUNCTION = YES;
				GCC_WARN_UNUSED_VARIABLE = YES;
				IPHONEOS_DEPLOYMENT_TARGET = 12.2;
				MTL_ENABLE_DEBUG_INFO = INCLUDE_SOURCE;
				MTL_FAST_MATH = YES;
				ONLY_ACTIVE_ARCH = YES;
				SDKROOT = iphoneos;
				SWIFT_ACTIVE_COMPILATION_CONDITIONS = DEBUG;
				SWIFT_OPTIMIZATION_LEVEL = "-Onone";
			};
			name = Debug;
		};
		94DDDDBE23166FE100E6D12E /* Release */ = {
			isa = XCBuildConfiguration;
			buildSettings = {
				ALWAYS_SEARCH_USER_PATHS = NO;
				CLANG_ANALYZER_NONNULL = YES;
				CLANG_ANALYZER_NUMBER_OBJECT_CONVERSION = YES_AGGRESSIVE;
				CLANG_CXX_LANGUAGE_STANDARD = "gnu++14";
				CLANG_CXX_LIBRARY = "libc++";
				CLANG_ENABLE_MODULES = YES;
				CLANG_ENABLE_OBJC_ARC = YES;
				CLANG_ENABLE_OBJC_WEAK = YES;
				CLANG_WARN_BLOCK_CAPTURE_AUTORELEASING = YES;
				CLANG_WARN_BOOL_CONVERSION = YES;
				CLANG_WARN_COMMA = YES;
				CLANG_WARN_CONSTANT_CONVERSION = YES;
				CLANG_WARN_DEPRECATED_OBJC_IMPLEMENTATIONS = YES;
				CLANG_WARN_DIRECT_OBJC_ISA_USAGE = YES_ERROR;
				CLANG_WARN_DOCUMENTATION_COMMENTS = YES;
				CLANG_WARN_EMPTY_BODY = YES;
				CLANG_WARN_ENUM_CONVERSION = YES;
				CLANG_WARN_INFINITE_RECURSION = YES;
				CLANG_WARN_INT_CONVERSION = YES;
				CLANG_WARN_NON_LITERAL_NULL_CONVERSION = YES;
				CLANG_WARN_OBJC_IMPLICIT_RETAIN_SELF = YES;
				CLANG_WARN_OBJC_LITERAL_CONVERSION = YES;
				CLANG_WARN_OBJC_ROOT_CLASS = YES_ERROR;
				CLANG_WARN_RANGE_LOOP_ANALYSIS = YES;
				CLANG_WARN_STRICT_PROTOTYPES = YES;
				CLANG_WARN_SUSPICIOUS_MOVE = YES;
				CLANG_WARN_UNGUARDED_AVAILABILITY = YES_AGGRESSIVE;
				CLANG_WARN_UNREACHABLE_CODE = YES;
				CLANG_WARN__DUPLICATE_METHOD_MATCH = YES;
				CODE_SIGN_IDENTITY = "iPhone Developer";
				COPY_PHASE_STRIP = NO;
				DEBUG_INFORMATION_FORMAT = "dwarf-with-dsym";
				ENABLE_NS_ASSERTIONS = NO;
				ENABLE_STRICT_OBJC_MSGSEND = YES;
				GCC_C_LANGUAGE_STANDARD = gnu11;
				GCC_NO_COMMON_BLOCKS = YES;
				GCC_WARN_64_TO_32_BIT_CONVERSION = YES;
				GCC_WARN_ABOUT_RETURN_TYPE = YES_ERROR;
				GCC_WARN_UNDECLARED_SELECTOR = YES;
				GCC_WARN_UNINITIALIZED_AUTOS = YES_AGGRESSIVE;
				GCC_WARN_UNUSED_FUNCTION = YES;
				GCC_WARN_UNUSED_VARIABLE = YES;
				IPHONEOS_DEPLOYMENT_TARGET = 12.2;
				MTL_ENABLE_DEBUG_INFO = NO;
				MTL_FAST_MATH = YES;
				SDKROOT = iphoneos;
				SWIFT_COMPILATION_MODE = wholemodule;
				SWIFT_OPTIMIZATION_LEVEL = "-O";
				VALIDATE_PRODUCT = YES;
			};
			name = Release;
		};
		94DDDDC023166FE100E6D12E /* Debug */ = {
			isa = XCBuildConfiguration;
			buildSettings = {
				ASSETCATALOG_COMPILER_APPICON_NAME = AppIcon;
				CODE_SIGN_STYLE = Automatic;
				INFOPLIST_FILE = JWLogingModule/Info.plist;
				LD_RUNPATH_SEARCH_PATHS = (
					"$(inherited)",
					"@executable_path/Frameworks",
				);
				PRODUCT_BUNDLE_IDENTIFIER = com.test.JWLogingModule;
				PRODUCT_NAME = "$(TARGET_NAME)";
				SWIFT_VERSION = 5.0;
				TARGETED_DEVICE_FAMILY = "1,2";
			};
			name = Debug;
		};
		94DDDDC123166FE100E6D12E /* Release */ = {
			isa = XCBuildConfiguration;
			buildSettings = {
				ASSETCATALOG_COMPILER_APPICON_NAME = AppIcon;
				CODE_SIGN_STYLE = Automatic;
				INFOPLIST_FILE = JWLogingModule/Info.plist;
				LD_RUNPATH_SEARCH_PATHS = (
					"$(inherited)",
					"@executable_path/Frameworks",
				);
				PRODUCT_BUNDLE_IDENTIFIER = com.test.JWLogingModule;
				PRODUCT_NAME = "$(TARGET_NAME)";
				SWIFT_VERSION = 5.0;
				TARGETED_DEVICE_FAMILY = "1,2";
			};
			name = Release;
		};
/* End XCBuildConfiguration section */

/* Begin XCConfigurationList section */
		94DDDDA823166FE000E6D12E /* Build configuration list for PBXProject "JWLogingModule" */ = {
			isa = XCConfigurationList;
			buildConfigurations = (
				94DDDDBD23166FE100E6D12E /* Debug */,
				94DDDDBE23166FE100E6D12E /* Release */,
			);
			defaultConfigurationIsVisible = 0;
			defaultConfigurationName = Release;
		};
		94DDDDBF23166FE100E6D12E /* Build configuration list for PBXNativeTarget "JWLogingModule" */ = {
			isa = XCConfigurationList;
			buildConfigurations = (
				94DDDDC023166FE100E6D12E /* Debug */,
				94DDDDC123166FE100E6D12E /* Release */,
			);
			defaultConfigurationIsVisible = 0;
			defaultConfigurationName = Release;
		};
/* End XCConfigurationList section */
	};
	rootObject = 94DDDDA523166FE000E6D12E /* Project object */;
}
